
Microsoft Visual Studio Solution File, Format Version 12.00
# Visual Studio Version 17
VisualStudioVersion = 17.14.36511.14
MinimumVisualStudioVersion = 10.0.40219.1
Project("{FAE04EC0-301F-11D3-BF4B-00C04F79EFBC}") = "EShop", "EShop.csproj", "{785C76C8-3AE3-42FC-B7AD-F9B60C43CE1D}"
EndProject
Project("{FAE04EC0-301F-11D3-BF4B-00C04F79EFBC}") = "EShop.Core", "..\EShop.Core\EShop.Core.csproj", "{37D4B8BA-01E3-4892-B411-C97FC3C1D0BA}"
EndProject
Project("{FAE04EC0-301F-11D3-BF4B-00C04F79EFBC}") = "EShop.API", "..\EShop.API\EShop.API.csproj", "{10A3CB9D-6999-4274-9958-9FEF2ECD396A}"
EndProject
Project("{FAE04EC0-301F-11D3-BF4B-00C04F79EFBC}") = "EShop.UI", "..\EShop.UI\EShop.UI.csproj", "{84B641A8-6911-4A4D-8A1A-36903F003F36}"
EndProject
Global
	GlobalSection(SolutionConfigurationPlatforms) = preSolution
		Debug|Any CPU = Debug|Any CPU
		Release|Any CPU = Release|Any CPU
	EndGlobalSection
	GlobalSection(ProjectConfigurationPlatforms) = postSolution
		{785C76C8-3AE3-42FC-B7AD-F9B60C43CE1D}.Debug|Any CPU.ActiveCfg = Debug|Any CPU
		{785C76C8-3AE3-42FC-B7AD-F9B60C43CE1D}.Debug|Any CPU.Build.0 = Debug|Any CPU
		{785C76C8-3AE3-42FC-B7AD-F9B60C43CE1D}.Debug|Any CPU.Deploy.0 = Debug|Any CPU
		{785C76C8-3AE3-42FC-B7AD-F9B60C43CE1D}.Release|Any CPU.ActiveCfg = Release|Any CPU
		{785C76C8-3AE3-42FC-B7AD-F9B60C43CE1D}.Release|Any CPU.Build.0 = Release|Any CPU
		{37D4B8BA-01E3-4892-B411-C97FC3C1D0BA}.Debug|Any CPU.ActiveCfg = Debug|Any CPU
		{37D4B8BA-01E3-4892-B411-C97FC3C1D0BA}.Debug|Any CPU.Build.0 = Debug|Any CPU
		{37D4B8BA-01E3-4892-B411-C97FC3C1D0BA}.Release|Any CPU.ActiveCfg = Release|Any CPU
		{37D4B8BA-01E3-4892-B411-C97FC3C1D0BA}.Release|Any CPU.Build.0 = Release|Any CPU
		{10A3CB9D-6999-4274-9958-9FEF2ECD396A}.Debug|Any CPU.ActiveCfg = Debug|Any CPU
		{10A3CB9D-6999-4274-9958-9FEF2ECD396A}.Debug|Any CPU.Build.0 = Debug|Any CPU
		{10A3CB9D-6999-4274-9958-9FEF2ECD396A}.Release|Any CPU.ActiveCfg = Release|Any CPU
		{10A3CB9D-6999-4274-9958-9FEF2ECD396A}.Release|Any CPU.Build.0 = Release|Any CPU
		{84B641A8-6911-4A4D-8A1A-36903F003F36}.Debug|Any CPU.ActiveCfg = Debug|Any CPU
		{84B641A8-6911-4A4D-8A1A-36903F003F36}.Debug|Any CPU.Build.0 = Debug|Any CPU
		{84B641A8-6911-4A4D-8A1A-36903F003F36}.Release|Any CPU.ActiveCfg = Release|Any CPU
		{84B641A8-6911-4A4D-8A1A-36903F003F36}.Release|Any CPU.Build.0 = Release|Any CPU
	EndGlobalSection
	GlobalSection(SolutionProperties) = preSolution
		HideSolutionNode = FALSE
	EndGlobalSection
	GlobalSection(ExtensibilityGlobals) = postSolution
		SolutionGuid = {536179BE-3876-4F2A-800E-A4B97AA0C544}
	EndGlobalSection
EndGlobal
